
Microsoft Visual Studio Solution File, Format Version 12.00
# Visual Studio Version 16
VisualStudioVersion = 16.0.30204.135
MinimumVisualStudioVersion = 10.0.40219.1
Project("{FAE04EC0-301F-11D3-BF4B-00C04F79EFBC}") = "FaultTracker.Data", "FaultTracker.Data\FaultTracker.Data.csproj", "{8BEB03A7-A994-4956-A1E1-BBD4185452AE}"
EndProject
Project("{FAE04EC0-301F-11D3-BF4B-00C04F79EFBC}") = "FaultTracker.Business", "FaultTracker.Business\FaultTracker.Business.csproj", "{54C6FEB7-3B8C-4191-8EA5-2EB796988777}"
EndProject
Project("{FAE04EC0-301F-11D3-BF4B-00C04F79EFBC}") = "FaultTracker.API", "FaultTracker.API\FaultTracker.API.csproj", "{215BC70F-EAE4-418D-9172-D0735A677DA3}"
EndProject
Global
	GlobalSection(SolutionConfigurationPlatforms) = preSolution
		Debug|Any CPU = Debug|Any CPU
		Release|Any CPU = Release|Any CPU
	EndGlobalSection
	GlobalSection(ProjectConfigurationPlatforms) = postSolution
		{8BEB03A7-A994-4956-A1E1-BBD4185452AE}.Debug|Any CPU.ActiveCfg = Debug|Any CPU
		{8BEB03A7-A994-4956-A1E1-BBD4185452AE}.Debug|Any CPU.Build.0 = Debug|Any CPU
		{8BEB03A7-A994-4956-A1E1-BBD4185452AE}.Release|Any CPU.ActiveCfg = Release|Any CPU
		{8BEB03A7-A994-4956-A1E1-BBD4185452AE}.Release|Any CPU.Build.0 = Release|Any CPU
		{54C6FEB7-3B8C-4191-8EA5-2EB796988777}.Debug|Any CPU.ActiveCfg = Debug|Any CPU
		{54C6FEB7-3B8C-4191-8EA5-2EB796988777}.Debug|Any CPU.Build.0 = Debug|Any CPU
		{54C6FEB7-3B8C-4191-8EA5-2EB796988777}.Release|Any CPU.ActiveCfg = Release|Any CPU
		{54C6FEB7-3B8C-4191-8EA5-2EB796988777}.Release|Any CPU.Build.0 = Release|Any CPU
		{215BC70F-EAE4-418D-9172-D0735A677DA3}.Debug|Any CPU.ActiveCfg = Debug|Any CPU
		{215BC70F-EAE4-418D-9172-D0735A677DA3}.Debug|Any CPU.Build.0 = Debug|Any CPU
		{215BC70F-EAE4-418D-9172-D0735A677DA3}.Release|Any CPU.ActiveCfg = Release|Any CPU
		{215BC70F-EAE4-418D-9172-D0735A677DA3}.Release|Any CPU.Build.0 = Release|Any CPU
	EndGlobalSection
	GlobalSection(SolutionProperties) = preSolution
		HideSolutionNode = FALSE
	EndGlobalSection
	GlobalSection(ExtensibilityGlobals) = postSolution
		SolutionGuid = {032ACADD-0400-4055-943B-5EBE244C021E}
	EndGlobalSection
EndGlobal
